
Microsoft Visual Studio Solution File, Format Version 12.00
# Visual Studio 15
VisualStudioVersion = 15.0.28307.960
MinimumVisualStudioVersion = 10.0.40219.1
Project("{FAE04EC0-301F-11D3-BF4B-00C04F79EFBC}") = "Game.IOS", "Game.IOS\Game.IOS.csproj", "{F6D763F1-6FDB-40B7-8535-A03279AE2A8A}"
EndProject
Global
	GlobalSection(SolutionConfigurationPlatforms) = preSolution
		Ad-Hoc|iPhone = Ad-Hoc|iPhone
		Ad-Hoc|iPhoneSimulator = Ad-Hoc|iPhoneSimulator
		AppStore|iPhone = AppStore|iPhone
		AppStore|iPhoneSimulator = AppStore|iPhoneSimulator
		Debug|iPhone = Debug|iPhone
		Debug|iPhoneSimulator = Debug|iPhoneSimulator
		Release|iPhone = Release|iPhone
		Release|iPhoneSimulator = Release|iPhoneSimulator
	EndGlobalSection
	GlobalSection(ProjectConfigurationPlatforms) = postSolution
		{F6D763F1-6FDB-40B7-8535-A03279AE2A8A}.Ad-Hoc|iPhone.ActiveCfg = Ad-Hoc|iPhone
		{F6D763F1-6FDB-40B7-8535-A03279AE2A8A}.Ad-Hoc|iPhone.Build.0 = Ad-Hoc|iPhone
		{F6D763F1-6FDB-40B7-8535-A03279AE2A8A}.Ad-Hoc|iPhoneSimulator.ActiveCfg = Ad-Hoc|iPhoneSimulator
		{F6D763F1-6FDB-40B7-8535-A03279AE2A8A}.Ad-Hoc|iPhoneSimulator.Build.0 = Ad-Hoc|iPhoneSimulator
		{F6D763F1-6FDB-40B7-8535-A03279AE2A8A}.AppStore|iPhone.ActiveCfg = AppStore|iPhone
		{F6D763F1-6FDB-40B7-8535-A03279AE2A8A}.AppStore|iPhone.Build.0 = AppStore|iPhone
		{F6D763F1-6FDB-40B7-8535-A03279AE2A8A}.AppStore|iPhoneSimulator.ActiveCfg = AppStore|iPhoneSimulator
		{F6D763F1-6FDB-40B7-8535-A03279AE2A8A}.AppStore|iPhoneSimulator.Build.0 = AppStore|iPhoneSimulator
		{F6D763F1-6FDB-40B7-8535-A03279AE2A8A}.Debug|iPhone.ActiveCfg = Debug|iPhone
		{F6D763F1-6FDB-40B7-8535-A03279AE2A8A}.Debug|iPhone.Build.0 = Debug|iPhone
		{F6D763F1-6FDB-40B7-8535-A03279AE2A8A}.Debug|iPhoneSimulator.ActiveCfg = Debug|iPhoneSimulator
		{F6D763F1-6FDB-40B7-8535-A03279AE2A8A}.Debug|iPhoneSimulator.Build.0 = Debug|iPhoneSimulator
		{F6D763F1-6FDB-40B7-8535-A03279AE2A8A}.Release|iPhone.ActiveCfg = Release|iPhone
		{F6D763F1-6FDB-40B7-8535-A03279AE2A8A}.Release|iPhone.Build.0 = Release|iPhone
		{F6D763F1-6FDB-40B7-8535-A03279AE2A8A}.Release|iPhoneSimulator.ActiveCfg = Release|iPhoneSimulator
		{F6D763F1-6FDB-40B7-8535-A03279AE2A8A}.Release|iPhoneSimulator.Build.0 = Release|iPhoneSimulator
	EndGlobalSection
	GlobalSection(SolutionProperties) = preSolution
		HideSolutionNode = FALSE
	EndGlobalSection
	GlobalSection(ExtensibilityGlobals) = postSolution
		SolutionGuid = {787DDBFD-7306-4B94-ABC6-906149DA85DA}
	EndGlobalSection
EndGlobal
