
Microsoft Visual Studio Solution File, Format Version 12.00
# Visual Studio 15
VisualStudioVersion = 15.0.28307.960
MinimumVisualStudioVersion = 10.0.40219.1
Project("{FAE04EC0-301F-11D3-BF4B-00C04F79EFBC}") = "MyGame.AND02", "MyGame.AND02\MyGame.AND02.csproj", "{67B124BF-544D-43FD-8979-6F9F8312C3B9}"
EndProject
Global
	GlobalSection(SolutionConfigurationPlatforms) = preSolution
		Debug|Any CPU = Debug|Any CPU
		Release|Any CPU = Release|Any CPU
	EndGlobalSection
	GlobalSection(ProjectConfigurationPlatforms) = postSolution
		{67B124BF-544D-43FD-8979-6F9F8312C3B9}.Debug|Any CPU.ActiveCfg = Debug|Any CPU
		{67B124BF-544D-43FD-8979-6F9F8312C3B9}.Debug|Any CPU.Build.0 = Debug|Any CPU
		{67B124BF-544D-43FD-8979-6F9F8312C3B9}.Debug|Any CPU.Deploy.0 = Debug|Any CPU
		{67B124BF-544D-43FD-8979-6F9F8312C3B9}.Release|Any CPU.ActiveCfg = Release|Any CPU
		{67B124BF-544D-43FD-8979-6F9F8312C3B9}.Release|Any CPU.Build.0 = Release|Any CPU
		{67B124BF-544D-43FD-8979-6F9F8312C3B9}.Release|Any CPU.Deploy.0 = Release|Any CPU
	EndGlobalSection
	GlobalSection(SolutionProperties) = preSolution
		HideSolutionNode = FALSE
	EndGlobalSection
	GlobalSection(ExtensibilityGlobals) = postSolution
		SolutionGuid = {3981ACF8-0394-4616-98F4-0ABA39DE32A6}
	EndGlobalSection
EndGlobal
