
Microsoft Visual Studio Solution File, Format Version 12.00
# Visual Studio 15
VisualStudioVersion = 15.0.28307.1000
MinimumVisualStudioVersion = 10.0.40219.1
Project("{FAE04EC0-301F-11D3-BF4B-00C04F79EFBC}") = "SortGame", "SortGame\SortGame.csproj", "{D8981337-3311-4E2D-AF16-EF06E2CF92F5}"
EndProject
Global
	GlobalSection(SolutionConfigurationPlatforms) = preSolution
		Debug|x86 = Debug|x86
		Release|x86 = Release|x86
	EndGlobalSection
	GlobalSection(ProjectConfigurationPlatforms) = postSolution
		{D8981337-3311-4E2D-AF16-EF06E2CF92F5}.Debug|x86.ActiveCfg = Debug|x86
		{D8981337-3311-4E2D-AF16-EF06E2CF92F5}.Debug|x86.Build.0 = Debug|x86
		{D8981337-3311-4E2D-AF16-EF06E2CF92F5}.Release|x86.ActiveCfg = Release|x86
		{D8981337-3311-4E2D-AF16-EF06E2CF92F5}.Release|x86.Build.0 = Release|x86
	EndGlobalSection
	GlobalSection(SolutionProperties) = preSolution
		HideSolutionNode = FALSE
	EndGlobalSection
	GlobalSection(ExtensibilityGlobals) = postSolution
		SolutionGuid = {F4DDF631-7892-44BA-A80A-27C8B8280B70}
	EndGlobalSection
EndGlobal
