
Microsoft Visual Studio Solution File, Format Version 12.00
# Visual Studio 15
VisualStudioVersion = 15.0.28307.902
MinimumVisualStudioVersion = 10.0.40219.1
Project("{FAE04EC0-301F-11D3-BF4B-00C04F79EFBC}") = "Flightism", "Flightism\Flightism.csproj", "{9549B523-26FC-4496-AD23-21F24B54BA09}"
EndProject
Global
	GlobalSection(SolutionConfigurationPlatforms) = preSolution
		Debug|Any CPU = Debug|Any CPU
		Release|Any CPU = Release|Any CPU
	EndGlobalSection
	GlobalSection(ProjectConfigurationPlatforms) = postSolution
		{9549B523-26FC-4496-AD23-21F24B54BA09}.Debug|Any CPU.ActiveCfg = Debug|Any CPU
		{9549B523-26FC-4496-AD23-21F24B54BA09}.Debug|Any CPU.Build.0 = Debug|Any CPU
		{9549B523-26FC-4496-AD23-21F24B54BA09}.Debug|Any CPU.Deploy.0 = Debug|Any CPU
		{9549B523-26FC-4496-AD23-21F24B54BA09}.Release|Any CPU.ActiveCfg = Release|Any CPU
		{9549B523-26FC-4496-AD23-21F24B54BA09}.Release|Any CPU.Build.0 = Release|Any CPU
		{9549B523-26FC-4496-AD23-21F24B54BA09}.Release|Any CPU.Deploy.0 = Release|Any CPU
	EndGlobalSection
	GlobalSection(SolutionProperties) = preSolution
		HideSolutionNode = FALSE
	EndGlobalSection
	GlobalSection(ExtensibilityGlobals) = postSolution
		SolutionGuid = {1363FE29-FE1C-4063-94C2-426314BC8EB9}
	EndGlobalSection
EndGlobal
