
Microsoft Visual Studio Solution File, Format Version 12.00
# Visual Studio 15
VisualStudioVersion = 15.0.28307.902
MinimumVisualStudioVersion = 10.0.40219.1
Project("{FAE04EC0-301F-11D3-BF4B-00C04F79EFBC}") = "HLSLintro.AND", "HLSLintro.AND\HLSLintro.AND.csproj", "{9CB21C7F-49CD-4859-A1E7-5F1D9C9C14ED}"
EndProject
Global
	GlobalSection(SolutionConfigurationPlatforms) = preSolution
		Debug|Any CPU = Debug|Any CPU
		Release|Any CPU = Release|Any CPU
	EndGlobalSection
	GlobalSection(ProjectConfigurationPlatforms) = postSolution
		{9CB21C7F-49CD-4859-A1E7-5F1D9C9C14ED}.Debug|Any CPU.ActiveCfg = Debug|Any CPU
		{9CB21C7F-49CD-4859-A1E7-5F1D9C9C14ED}.Debug|Any CPU.Build.0 = Debug|Any CPU
		{9CB21C7F-49CD-4859-A1E7-5F1D9C9C14ED}.Debug|Any CPU.Deploy.0 = Debug|Any CPU
		{9CB21C7F-49CD-4859-A1E7-5F1D9C9C14ED}.Release|Any CPU.ActiveCfg = Release|Any CPU
		{9CB21C7F-49CD-4859-A1E7-5F1D9C9C14ED}.Release|Any CPU.Build.0 = Release|Any CPU
		{9CB21C7F-49CD-4859-A1E7-5F1D9C9C14ED}.Release|Any CPU.Deploy.0 = Release|Any CPU
	EndGlobalSection
	GlobalSection(SolutionProperties) = preSolution
		HideSolutionNode = FALSE
	EndGlobalSection
	GlobalSection(ExtensibilityGlobals) = postSolution
		SolutionGuid = {A3ECF3FB-88CC-4977-A309-09965304B0CC}
	EndGlobalSection
EndGlobal
